<?xml version="1.0" encoding="UTF-8" standalone="yes" ?>
<CodeBlocks_project_file>
	<FileVersion major="1" minor="6" />
	<Project>
		<Option title="LibraryMangementSystem" />
		<Option pch_mode="2" />
		<Option compiler="gcc" />
		<Build>
			<Target title="Debug">
				<Option output="bin/Debug/LibraryMangementSystem" prefix_auto="1" extension_auto="1" />
				<Option object_output="obj/Debug/" />
				<Option type="1" />
				<Option compiler="gcc" />
				<Compiler>
					<Add option="-g" />
					<Add directory="./" />
				</Compiler>
			</Target>
			<Target title="Release">
				<Option output="bin/Release/LibraryMangementSystem" prefix_auto="1" extension_auto="1" />
				<Option object_output="obj/Release/" />
				<Option type="1" />
				<Option compiler="gcc" />
				<Compiler>
					<Add option="-O2" />
					<Add directory="./" />
				</Compiler>
				<Linker>
					<Add option="-s" />
				</Linker>
			</Target>
		</Build>
		<Compiler>
			<Add option="-Wall" />
			<Add option="-fexceptions" />
		</Compiler>
		<Unit filename="ActiveBooksPatron.cpp" />
		<Unit filename="AddBook.cpp" />
		<Unit filename="BrrowBooks.cpp" />
		<Unit filename="Home.cpp" />
		<Unit filename="Home.h" />
		<Unit filename="PatronBorrowNonFiction.cpp" />
		<Unit filename="RemovePatron.cpp" />
		<Unit filename="RequestExtensionPatron.cpp" />
		<Unit filename="ReturnBooksPatron.cpp" />
		<Unit filename="SearchBookbyCategory.cpp" />
		<Unit filename="SearchPatron.cpp" />
		<Unit filename="UpdateBookInfo.cpp" />
		<Unit filename="UpdateInformation.cpp" />
		<Unit filename="ViewBook.cpp" />
		<Unit filename="main.cpp" />
		<Extensions />
	</Project>
</CodeBlocks_project_file>
